<?xml version="1.0" encoding="utf-8"?>
<Project ToolsVersion="4.0" xmlns="http://schemas.microsoft.com/developer/msbuild/2003">
  <ItemGroup>
    <ClCompile Include="ActivationFunctions.cpp" />
    <ClCompile Include="BackpropagationTrainer.cpp" />
    <ClCompile Include="Cell.cpp" />
    <ClCompile Include="FeedForwardModel.cpp" />
    <ClCompile Include="HiddenCell.cpp" />
    <ClCompile Include="InputCell.cpp" />
    <ClCompile Include="main.cpp" />
    <ClCompile Include="OutputCell.cpp" />
    <ClCompile Include="Trainer.cpp" />
    <ClCompile Include="Model.cpp" />
  </ItemGroup>
  <ItemGroup>
    <ClInclude Include="ActivationFunctions.h" />
    <ClInclude Include="BackpropagationTrainer.h" />
    <ClInclude Include="Cell.h" />
    <ClInclude Include="FeedForwardModel.h" />
    <ClInclude Include="HiddenCell.h" />
    <ClInclude Include="InputCell.h" />
    <ClInclude Include="ML2.h" />
    <ClInclude Include="Model.h" />
    <ClInclude Include="OutputCell.h" />
    <ClInclude Include="Trainer.h" />
  </ItemGroup>
</Project>